
Microsoft Visual Studio Solution File, Format Version 12.00
# Visual Studio Version 17
VisualStudioVersion = 17.4.33205.214
MinimumVisualStudioVersion = 10.0.40219.1
Project("{FAE04EC0-301F-11D3-BF4B-00C04F79EFBC}") = "MyMediatorPoC", "MyMediatorPoC.csproj", "{10870F52-CF2B-435F-BF3F-12BA8DF7DCC2}"
EndProject
Global
	GlobalSection(SolutionConfigurationPlatforms) = preSolution
		Debug|Any CPU = Debug|Any CPU
		Release|Any CPU = Release|Any CPU
	EndGlobalSection
	GlobalSection(ProjectConfigurationPlatforms) = postSolution
		{10870F52-CF2B-435F-BF3F-12BA8DF7DCC2}.Debug|Any CPU.ActiveCfg = Debug|Any CPU
		{10870F52-CF2B-435F-BF3F-12BA8DF7DCC2}.Debug|Any CPU.Build.0 = Debug|Any CPU
		{10870F52-CF2B-435F-BF3F-12BA8DF7DCC2}.Release|Any CPU.ActiveCfg = Release|Any CPU
		{10870F52-CF2B-435F-BF3F-12BA8DF7DCC2}.Release|Any CPU.Build.0 = Release|Any CPU
	EndGlobalSection
	GlobalSection(SolutionProperties) = preSolution
		HideSolutionNode = FALSE
	EndGlobalSection
	GlobalSection(ExtensibilityGlobals) = postSolution
		SolutionGuid = {D92C1C98-ED0F-4E55-B40C-AE918F22B89F}
	EndGlobalSection
EndGlobal
